
Microsoft Visual Studio Solution File, Format Version 12.00
# Visual Studio 15
VisualStudioVersion = 15.0.26124.0
MinimumVisualStudioVersion = 15.0.26124.0
Project("{2150E333-8FDC-42A3-9474-1A3956D46DE8}") = "src", "src", "{8D0B1089-1EE4-4606-9057-31B6EA22156A}"
EndProject
Project("{FAE04EC0-301F-11D3-BF4B-00C04F79EFBC}") = "OrdersApi", "src\OrdersApi\OrdersApi.csproj", "{3D4955D0-1B49-48BF-8B9F-1CDE6254BC9C}"
EndProject
Project("{FAE04EC0-301F-11D3-BF4B-00C04F79EFBC}") = "OrdersApi.Unittests", "src\OrdersApi.Unittests\OrdersApi.Unittests.csproj", "{FC27CFE0-AC09-4E99-A838-98B6D97A3AB3}"
EndProject
Global
	GlobalSection(SolutionConfigurationPlatforms) = preSolution
		Debug|Any CPU = Debug|Any CPU
		Debug|x64 = Debug|x64
		Debug|x86 = Debug|x86
		Release|Any CPU = Release|Any CPU
		Release|x64 = Release|x64
		Release|x86 = Release|x86
	EndGlobalSection
	GlobalSection(SolutionProperties) = preSolution
		HideSolutionNode = FALSE
	EndGlobalSection
	GlobalSection(ProjectConfigurationPlatforms) = postSolution
		{3D4955D0-1B49-48BF-8B9F-1CDE6254BC9C}.Debug|Any CPU.ActiveCfg = Debug|Any CPU
		{3D4955D0-1B49-48BF-8B9F-1CDE6254BC9C}.Debug|Any CPU.Build.0 = Debug|Any CPU
		{3D4955D0-1B49-48BF-8B9F-1CDE6254BC9C}.Debug|x64.ActiveCfg = Debug|Any CPU
		{3D4955D0-1B49-48BF-8B9F-1CDE6254BC9C}.Debug|x64.Build.0 = Debug|Any CPU
		{3D4955D0-1B49-48BF-8B9F-1CDE6254BC9C}.Debug|x86.ActiveCfg = Debug|Any CPU
		{3D4955D0-1B49-48BF-8B9F-1CDE6254BC9C}.Debug|x86.Build.0 = Debug|Any CPU
		{3D4955D0-1B49-48BF-8B9F-1CDE6254BC9C}.Release|Any CPU.ActiveCfg = Release|Any CPU
		{3D4955D0-1B49-48BF-8B9F-1CDE6254BC9C}.Release|Any CPU.Build.0 = Release|Any CPU
		{3D4955D0-1B49-48BF-8B9F-1CDE6254BC9C}.Release|x64.ActiveCfg = Release|Any CPU
		{3D4955D0-1B49-48BF-8B9F-1CDE6254BC9C}.Release|x64.Build.0 = Release|Any CPU
		{3D4955D0-1B49-48BF-8B9F-1CDE6254BC9C}.Release|x86.ActiveCfg = Release|Any CPU
		{3D4955D0-1B49-48BF-8B9F-1CDE6254BC9C}.Release|x86.Build.0 = Release|Any CPU
		{FC27CFE0-AC09-4E99-A838-98B6D97A3AB3}.Debug|Any CPU.ActiveCfg = Debug|Any CPU
		{FC27CFE0-AC09-4E99-A838-98B6D97A3AB3}.Debug|Any CPU.Build.0 = Debug|Any CPU
		{FC27CFE0-AC09-4E99-A838-98B6D97A3AB3}.Debug|x64.ActiveCfg = Debug|Any CPU
		{FC27CFE0-AC09-4E99-A838-98B6D97A3AB3}.Debug|x64.Build.0 = Debug|Any CPU
		{FC27CFE0-AC09-4E99-A838-98B6D97A3AB3}.Debug|x86.ActiveCfg = Debug|Any CPU
		{FC27CFE0-AC09-4E99-A838-98B6D97A3AB3}.Debug|x86.Build.0 = Debug|Any CPU
		{FC27CFE0-AC09-4E99-A838-98B6D97A3AB3}.Release|Any CPU.ActiveCfg = Release|Any CPU
		{FC27CFE0-AC09-4E99-A838-98B6D97A3AB3}.Release|Any CPU.Build.0 = Release|Any CPU
		{FC27CFE0-AC09-4E99-A838-98B6D97A3AB3}.Release|x64.ActiveCfg = Release|Any CPU
		{FC27CFE0-AC09-4E99-A838-98B6D97A3AB3}.Release|x64.Build.0 = Release|Any CPU
		{FC27CFE0-AC09-4E99-A838-98B6D97A3AB3}.Release|x86.ActiveCfg = Release|Any CPU
		{FC27CFE0-AC09-4E99-A838-98B6D97A3AB3}.Release|x86.Build.0 = Release|Any CPU
	EndGlobalSection
	GlobalSection(NestedProjects) = preSolution
		{3D4955D0-1B49-48BF-8B9F-1CDE6254BC9C} = {8D0B1089-1EE4-4606-9057-31B6EA22156A}
		{FC27CFE0-AC09-4E99-A838-98B6D97A3AB3} = {8D0B1089-1EE4-4606-9057-31B6EA22156A}
	EndGlobalSection
EndGlobal
